// !$*UTF8*$!
{
	archiveVersion = 1;
	classes = {
	};
	objectVersion = 56;
	objects = {

/* Begin PBXBuildFile section */
		94A2DB0229085261005223E1 /* acm_dashApp.swift in Sources */ = {isa = PBXBuildFile; fileRef = 94A2DB0129085261005223E1 /* acm_dashApp.swift */; };
		94A2DB0429085261005223E1 /* ContentView.swift in Sources */ = {isa = PBXBuildFile; fileRef = 94A2DB0329085261005223E1 /* ContentView.swift */; };
		94A2DB0629085262005223E1 /* Assets.xcassets in Resources */ = {isa = PBXBuildFile; fileRef = 94A2DB0529085262005223E1 /* Assets.xcassets */; };
		94A2DB0929085262005223E1 /* Preview Assets.xcassets in Resources */ = {isa = PBXBuildFile; fileRef = 94A2DB0829085262005223E1 /* Preview Assets.xcassets */; };
		94A2DB1429085262005223E1 /* acm_dashTests.swift in Sources */ = {isa = PBXBuildFile; fileRef = 94A2DB1329085262005223E1 /* acm_dashTests.swift */; };
		94A2DB1E29085262005223E1 /* acm_dashUITests.swift in Sources */ = {isa = PBXBuildFile; fileRef = 94A2DB1D29085262005223E1 /* acm_dashUITests.swift */; };
		94A2DB2029085262005223E1 /* acm_dashUITestsLaunchTests.swift in Sources */ = {isa = PBXBuildFile; fileRef = 94A2DB1F29085262005223E1 /* acm_dashUITestsLaunchTests.swift */; };
/* End PBXBuildFile section */

/* Begin PBXContainerItemProxy section */
		94A2DB1029085262005223E1 /* PBXContainerItemProxy */ = {
			isa = PBXContainerItemProxy;
			containerPortal = 94A2DAF629085261005223E1 /* Project object */;
			proxyType = 1;
			remoteGlobalIDString = 94A2DAFD29085261005223E1;
			remoteInfo = "acm-dash";
		};
		94A2DB1A29085262005223E1 /* PBXContainerItemProxy */ = {
			isa = PBXContainerItemProxy;
			containerPortal = 94A2DAF629085261005223E1 /* Project object */;
			proxyType = 1;
			remoteGlobalIDString = 94A2DAFD29085261005223E1;
			remoteInfo = "acm-dash";
		};
/* End PBXContainerItemProxy section */

/* Begin PBXFileReference section */
		94A2DAFE29085261005223E1 /* acm-dash.app */ = {isa = PBXFileReference; explicitFileType = wrapper.application; includeInIndex = 0; path = "acm-dash.app"; sourceTree = BUILT_PRODUCTS_DIR; };
		94A2DB0129085261005223E1 /* acm_dashApp.swift */ = {isa = PBXFileReference; lastKnownFileType = sourcecode.swift; path = acm_dashApp.swift; sourceTree = "<group>"; };
		94A2DB0329085261005223E1 /* ContentView.swift */ = {isa = PBXFileReference; lastKnownFileType = sourcecode.swift; path = ContentView.swift; sourceTree = "<group>"; };
		94A2DB0529085262005223E1 /* Assets.xcassets */ = {isa = PBXFileReference; lastKnownFileType = folder.assetcatalog; path = Assets.xcassets; sourceTree = "<group>"; };
		94A2DB0829085262005223E1 /* Preview Assets.xcassets */ = {isa = PBXFileReference; lastKnownFileType = folder.assetcatalog; path = "Preview Assets.xcassets"; sourceTree = "<group>"; };
		94A2DB0A29085262005223E1 /* acm_dash.entitlements */ = {isa = PBXFileReference; lastKnownFileType = text.plist.entitlements; path = acm_dash.entitlements; sourceTree = "<group>"; };
		94A2DB0F29085262005223E1 /* acm-dashTests.xctest */ = {isa = PBXFileReference; explicitFileType = wrapper.cfbundle; includeInIndex = 0; path = "acm-dashTests.xctest"; sourceTree = BUILT_PRODUCTS_DIR; };
		94A2DB1329085262005223E1 /* acm_dashTests.swift */ = {isa = PBXFileReference; lastKnownFileType = sourcecode.swift; path = acm_dashTests.swift; sourceTree = "<group>"; };
		94A2DB1929085262005223E1 /* acm-dashUITests.xctest */ = {isa = PBXFileReference; explicitFileType = wrapper.cfbundle; includeInIndex = 0; path = "acm-dashUITests.xctest"; sourceTree = BUILT_PRODUCTS_DIR; };
		94A2DB1D29085262005223E1 /* acm_dashUITests.swift */ = {isa = PBXFileReference; lastKnownFileType = sourcecode.swift; path = acm_dashUITests.swift; sourceTree = "<group>"; };
		94A2DB1F29085262005223E1 /* acm_dashUITestsLaunchTests.swift */ = {isa = PBXFileReference; lastKnownFileType = sourcecode.swift; path = acm_dashUITestsLaunchTests.swift; sourceTree = "<group>"; };
/* End PBXFileReference section */

/* Begin PBXFrameworksBuildPhase section */
		94A2DAFB29085261005223E1 /* Frameworks */ = {
			isa = PBXFrameworksBuildPhase;
			buildActionMask = 2147483647;
			files = (
			);
			runOnlyForDeploymentPostprocessing = 0;
		};
		94A2DB0C29085262005223E1 /* Frameworks */ = {
			isa = PBXFrameworksBuildPhase;
			buildActionMask = 2147483647;
			files = (
			);
			runOnlyForDeploymentPostprocessing = 0;
		};
		94A2DB1629085262005223E1 /* Frameworks */ = {
			isa = PBXFrameworksBuildPhase;
			buildActionMask = 2147483647;
			files = (
			);
			runOnlyForDeploymentPostprocessing = 0;
		};
/* End PBXFrameworksBuildPhase section */

/* Begin PBXGroup section */
		94A2DAF529085261005223E1 = {
			isa = PBXGroup;
			children = (
				94A2DB0029085261005223E1 /* acm-dash */,
				94A2DB1229085262005223E1 /* acm-dashTests */,
				94A2DB1C29085262005223E1 /* acm-dashUITests */,
				94A2DAFF29085261005223E1 /* Products */,
			);
			sourceTree = "<group>";
		};
		94A2DAFF29085261005223E1 /* Products */ = {
			isa = PBXGroup;
			children = (
				94A2DAFE29085261005223E1 /* acm-dash.app */,
				94A2DB0F29085262005223E1 /* acm-dashTests.xctest */,
				94A2DB1929085262005223E1 /* acm-dashUITests.xctest */,
			);
			name = Products;
			sourceTree = "<group>";
		};
		94A2DB0029085261005223E1 /* acm-dash */ = {
			isa = PBXGroup;
			children = (
				94A2DB0129085261005223E1 /* acm_dashApp.swift */,
				94A2DB0329085261005223E1 /* ContentView.swift */,
				94A2DB0529085262005223E1 /* Assets.xcassets */,
				94A2DB0A29085262005223E1 /* acm_dash.entitlements */,
				94A2DB0729085262005223E1 /* Preview Content */,
			);
			path = "acm-dash";
			sourceTree = "<group>";
		};
		94A2DB0729085262005223E1 /* Preview Content */ = {
			isa = PBXGroup;
			children = (
				94A2DB0829085262005223E1 /* Preview Assets.xcassets */,
			);
			path = "Preview Content";
			sourceTree = "<group>";
		};
		94A2DB1229085262005223E1 /* acm-dashTests */ = {
			isa = PBXGroup;
			children = (
				94A2DB1329085262005223E1 /* acm_dashTests.swift */,
			);
			path = "acm-dashTests";
			sourceTree = "<group>";
		};
		94A2DB1C29085262005223E1 /* acm-dashUITests */ = {
			isa = PBXGroup;
			children = (
				94A2DB1D29085262005223E1 /* acm_dashUITests.swift */,
				94A2DB1F29085262005223E1 /* acm_dashUITestsLaunchTests.swift */,
			);
			path = "acm-dashUITests";
			sourceTree = "<group>";
		};
/* End PBXGroup section */

/* Begin PBXNativeTarget section */
		94A2DAFD29085261005223E1 /* acm-dash */ = {
			isa = PBXNativeTarget;
			buildConfigurationList = 94A2DB2329085262005223E1 /* Build configuration list for PBXNativeTarget "acm-dash" */;
			buildPhases = (
				94A2DAFA29085261005223E1 /* Sources */,
				94A2DAFB29085261005223E1 /* Frameworks */,
				94A2DAFC29085261005223E1 /* Resources */,
			);
			buildRules = (
			);
			dependencies = (
			);
			name = "acm-dash";
			productName = "acm-dash";
			productReference = 94A2DAFE29085261005223E1 /* acm-dash.app */;
			productType = "com.apple.product-type.application";
		};
		94A2DB0E29085262005223E1 /* acm-dashTests */ = {
			isa = PBXNativeTarget;
			buildConfigurationList = 94A2DB2629085262005223E1 /* Build configuration list for PBXNativeTarget "acm-dashTests" */;
			buildPhases = (
				94A2DB0B29085262005223E1 /* Sources */,
				94A2DB0C29085262005223E1 /* Frameworks */,
				94A2DB0D29085262005223E1 /* Resources */,
			);
			buildRules = (
			);
			dependencies = (
				94A2DB1129085262005223E1 /* PBXTargetDependency */,
			);
			name = "acm-dashTests";
			productName = "acm-dashTests";
			productReference = 94A2DB0F29085262005223E1 /* acm-dashTests.xctest */;
			productType = "com.apple.product-type.bundle.unit-test";
		};
		94A2DB1829085262005223E1 /* acm-dashUITests */ = {
			isa = PBXNativeTarget;
			buildConfigurationList = 94A2DB2929085262005223E1 /* Build configuration list for PBXNativeTarget "acm-dashUITests" */;
			buildPhases = (
				94A2DB1529085262005223E1 /* Sources */,
				94A2DB1629085262005223E1 /* Frameworks */,
				94A2DB1729085262005223E1 /* Resources */,
			);
			buildRules = (
			);
			dependencies = (
				94A2DB1B29085262005223E1 /* PBXTargetDependency */,
			);
			name = "acm-dashUITests";
			productName = "acm-dashUITests";
			productReference = 94A2DB1929085262005223E1 /* acm-dashUITests.xctest */;
			productType = "com.apple.product-type.bundle.ui-testing";
		};
/* End PBXNativeTarget section */

/* Begin PBXProject section */
		94A2DAF629085261005223E1 /* Project object */ = {
			isa = PBXProject;
			attributes = {
				BuildIndependentTargetsInParallel = 1;
				LastSwiftUpdateCheck = 1400;
				LastUpgradeCheck = 1400;
				TargetAttributes = {
					94A2DAFD29085261005223E1 = {
						CreatedOnToolsVersion = 14.0.1;
					};
					94A2DB0E29085262005223E1 = {
						CreatedOnToolsVersion = 14.0.1;
						TestTargetID = 94A2DAFD29085261005223E1;
					};
					94A2DB1829085262005223E1 = {
						CreatedOnToolsVersion = 14.0.1;
						TestTargetID = 94A2DAFD29085261005223E1;
					};
				};
			};
			buildConfigurationList = 94A2DAF929085261005223E1 /* Build configuration list for PBXProject "acm-dash" */;
			compatibilityVersion = "Xcode 14.0";
			developmentRegion = en;
			hasScannedForEncodings = 0;
			knownRegions = (
				en,
				Base,
			);
			mainGroup = 94A2DAF529085261005223E1;
			productRefGroup = 94A2DAFF29085261005223E1 /* Products */;
			projectDirPath = "";
			projectRoot = "";
			targets = (
				94A2DAFD29085261005223E1 /* acm-dash */,
				94A2DB0E29085262005223E1 /* acm-dashTests */,
				94A2DB1829085262005223E1 /* acm-dashUITests */,
			);
		};
/* End PBXProject section */

/* Begin PBXResourcesBuildPhase section */
		94A2DAFC29085261005223E1 /* Resources */ = {
			isa = PBXResourcesBuildPhase;
			buildActionMask = 2147483647;
			files = (
				94A2DB0929085262005223E1 /* Preview Assets.xcassets in Resources */,
				94A2DB0629085262005223E1 /* Assets.xcassets in Resources */,
			);
			runOnlyForDeploymentPostprocessing = 0;
		};
		94A2DB0D29085262005223E1 /* Resources */ = {
			isa = PBXResourcesBuildPhase;
			buildActionMask = 2147483647;
			files = (
			);
			runOnlyForDeploymentPostprocessing = 0;
		};
		94A2DB1729085262005223E1 /* Resources */ = {
			isa = PBXResourcesBuildPhase;
			buildActionMask = 2147483647;
			files = (
			);
			runOnlyForDeploymentPostprocessing = 0;
		};
/* End PBXResourcesBuildPhase section */

/* Begin PBXSourcesBuildPhase section */
		94A2DAFA29085261005223E1 /* Sources */ = {
			isa = PBXSourcesBuildPhase;
			buildActionMask = 2147483647;
			files = (
				94A2DB0429085261005223E1 /* ContentView.swift in Sources */,
				94A2DB0229085261005223E1 /* acm_dashApp.swift in Sources */,
			);
			runOnlyForDeploymentPostprocessing = 0;
		};
		94A2DB0B29085262005223E1 /* Sources */ = {
			isa = PBXSourcesBuildPhase;
			buildActionMask = 2147483647;
			files = (
				94A2DB1429085262005223E1 /* acm_dashTests.swift in Sources */,
			);
			runOnlyForDeploymentPostprocessing = 0;
		};
		94A2DB1529085262005223E1 /* Sources */ = {
			isa = PBXSourcesBuildPhase;
			buildActionMask = 2147483647;
			files = (
				94A2DB2029085262005223E1 /* acm_dashUITestsLaunchTests.swift in Sources */,
				94A2DB1E29085262005223E1 /* acm_dashUITests.swift in Sources */,
			);
			runOnlyForDeploymentPostprocessing = 0;
		};
/* End PBXSourcesBuildPhase section */

/* Begin PBXTargetDependency section */
		94A2DB1129085262005223E1 /* PBXTargetDependency */ = {
			isa = PBXTargetDependency;
			target = 94A2DAFD29085261005223E1 /* acm-dash */;
			targetProxy = 94A2DB1029085262005223E1 /* PBXContainerItemProxy */;
		};
		94A2DB1B29085262005223E1 /* PBXTargetDependency */ = {
			isa = PBXTargetDependency;
			target = 94A2DAFD29085261005223E1 /* acm-dash */;
			targetProxy = 94A2DB1A29085262005223E1 /* PBXContainerItemProxy */;
		};
/* End PBXTargetDependency section */

/* Begin XCBuildConfiguration section */
		94A2DB2129085262005223E1 /* Debug */ = {
			isa = XCBuildConfiguration;
			buildSettings = {
				ALWAYS_SEARCH_USER_PATHS = NO;
				CLANG_ANALYZER_NONNULL = YES;
				CLANG_ANALYZER_NUMBER_OBJECT_CONVERSION = YES_AGGRESSIVE;
				CLANG_CXX_LANGUAGE_STANDARD = "gnu++20";
				CLANG_ENABLE_MODULES = YES;
				CLANG_ENABLE_OBJC_ARC = YES;
				CLANG_ENABLE_OBJC_WEAK = YES;
				CLANG_WARN_BLOCK_CAPTURE_AUTORELEASING = YES;
				CLANG_WARN_BOOL_CONVERSION = YES;
				CLANG_WARN_COMMA = YES;
				CLANG_WARN_CONSTANT_CONVERSION = YES;
				CLANG_WARN_DEPRECATED_OBJC_IMPLEMENTATIONS = YES;
				CLANG_WARN_DIRECT_OBJC_ISA_USAGE = YES_ERROR;
				CLANG_WARN_DOCUMENTATION_COMMENTS = YES;
				CLANG_WARN_EMPTY_BODY = YES;
				CLANG_WARN_ENUM_CONVERSION = YES;
				CLANG_WARN_INFINITE_RECURSION = YES;
				CLANG_WARN_INT_CONVERSION = YES;
				CLANG_WARN_NON_LITERAL_NULL_CONVERSION = YES;
				CLANG_WARN_OBJC_IMPLICIT_RETAIN_SELF = YES;
				CLANG_WARN_OBJC_LITERAL_CONVERSION = YES;
				CLANG_WARN_OBJC_ROOT_CLASS = YES_ERROR;
				CLANG_WARN_QUOTED_INCLUDE_IN_FRAMEWORK_HEADER = YES;
				CLANG_WARN_RANGE_LOOP_ANALYSIS = YES;
				CLANG_WARN_STRICT_PROTOTYPES = YES;
				CLANG_WARN_SUSPICIOUS_MOVE = YES;
				CLANG_WARN_UNGUARDED_AVAILABILITY = YES_AGGRESSIVE;
				CLANG_WARN_UNREACHABLE_CODE = YES;
				CLANG_WARN__DUPLICATE_METHOD_MATCH = YES;
				COPY_PHASE_STRIP = NO;
				DEBUG_INFORMATION_FORMAT = dwarf;
				ENABLE_STRICT_OBJC_MSGSEND = YES;
				ENABLE_TESTABILITY = YES;
				GCC_C_LANGUAGE_STANDARD = gnu11;
				GCC_DYNAMIC_NO_PIC = NO;
				GCC_NO_COMMON_BLOCKS = YES;
				GCC_OPTIMIZATION_LEVEL = 0;
				GCC_PREPROCESSOR_DEFINITIONS = (
					"DEBUG=1",
					"$(inherited)",
				);
				GCC_WARN_64_TO_32_BIT_CONVERSION = YES;
				GCC_WARN_ABOUT_RETURN_TYPE = YES_ERROR;
				GCC_WARN_UNDECLARED_SELECTOR = YES;
				GCC_WARN_UNINITIALIZED_AUTOS = YES_AGGRESSIVE;
				GCC_WARN_UNUSED_FUNCTION = YES;
				GCC_WARN_UNUSED_VARIABLE = YES;
				MACOSX_DEPLOYMENT_TARGET = 12.3;
				MTL_ENABLE_DEBUG_INFO = INCLUDE_SOURCE;
				MTL_FAST_MATH = YES;
				ONLY_ACTIVE_ARCH = YES;
				SDKROOT = macosx;
				SWIFT_ACTIVE_COMPILATION_CONDITIONS = DEBUG;
				SWIFT_OPTIMIZATION_LEVEL = "-Onone";
			};
			name = Debug;
		};
		94A2DB2229085262005223E1 /* Release */ = {
			isa = XCBuildConfiguration;
			buildSettings = {
				ALWAYS_SEARCH_USER_PATHS = NO;
				CLANG_ANALYZER_NONNULL = YES;
				CLANG_ANALYZER_NUMBER_OBJECT_CONVERSION = YES_AGGRESSIVE;
				CLANG_CXX_LANGUAGE_STANDARD = "gnu++20";
				CLANG_ENABLE_MODULES = YES;
				CLANG_ENABLE_OBJC_ARC = YES;
				CLANG_ENABLE_OBJC_WEAK = YES;
				CLANG_WARN_BLOCK_CAPTURE_AUTORELEASING = YES;
				CLANG_WARN_BOOL_CONVERSION = YES;
				CLANG_WARN_COMMA = YES;
				CLANG_WARN_CONSTANT_CONVERSION = YES;
				CLANG_WARN_DEPRECATED_OBJC_IMPLEMENTATIONS = YES;
				CLANG_WARN_DIRECT_OBJC_ISA_USAGE = YES_ERROR;
				CLANG_WARN_DOCUMENTATION_COMMENTS = YES;
				CLANG_WARN_EMPTY_BODY = YES;
				CLANG_WARN_ENUM_CONVERSION = YES;
				CLANG_WARN_INFINITE_RECURSION = YES;
				CLANG_WARN_INT_CONVERSION = YES;
				CLANG_WARN_NON_LITERAL_NULL_CONVERSION = YES;
				CLANG_WARN_OBJC_IMPLICIT_RETAIN_SELF = YES;
				CLANG_WARN_OBJC_LITERAL_CONVERSION = YES;
				CLANG_WARN_OBJC_ROOT_CLASS = YES_ERROR;
				CLANG_WARN_QUOTED_INCLUDE_IN_FRAMEWORK_HEADER = YES;
				CLANG_WARN_RANGE_LOOP_ANALYSIS = YES;
				CLANG_WARN_STRICT_PROTOTYPES = YES;
				CLANG_WARN_SUSPICIOUS_MOVE = YES;
				CLANG_WARN_UNGUARDED_AVAILABILITY = YES_AGGRESSIVE;
				CLANG_WARN_UNREACHABLE_CODE = YES;
				CLANG_WARN__DUPLICATE_METHOD_MATCH = YES;
				COPY_PHASE_STRIP = NO;
				DEBUG_INFORMATION_FORMAT = "dwarf-with-dsym";
				ENABLE_NS_ASSERTIONS = NO;
				ENABLE_STRICT_OBJC_MSGSEND = YES;
				GCC_C_LANGUAGE_STANDARD = gnu11;
				GCC_NO_COMMON_BLOCKS = YES;
				GCC_WARN_64_TO_32_BIT_CONVERSION = YES;
				GCC_WARN_ABOUT_RETURN_TYPE = YES_ERROR;
				GCC_WARN_UNDECLARED_SELECTOR = YES;
				GCC_WARN_UNINITIALIZED_AUTOS = YES_AGGRESSIVE;
				GCC_WARN_UNUSED_FUNCTION = YES;
				GCC_WARN_UNUSED_VARIABLE = YES;
				MACOSX_DEPLOYMENT_TARGET = 12.3;
				MTL_ENABLE_DEBUG_INFO = NO;
				MTL_FAST_MATH = YES;
				SDKROOT = macosx;
				SWIFT_COMPILATION_MODE = wholemodule;
				SWIFT_OPTIMIZATION_LEVEL = "-O";
			};
			name = Release;
		};
		94A2DB2429085262005223E1 /* Debug */ = {
			isa = XCBuildConfiguration;
			buildSettings = {
				ASSETCATALOG_COMPILER_APPICON_NAME = AppIcon;
				ASSETCATALOG_COMPILER_GLOBAL_ACCENT_COLOR_NAME = AccentColor;
				CODE_SIGN_ENTITLEMENTS = "acm-dash/acm_dash.entitlements";
				CODE_SIGN_STYLE = Automatic;
				COMBINE_HIDPI_IMAGES = YES;
				CURRENT_PROJECT_VERSION = 1;
				DEVELOPMENT_ASSET_PATHS = "\"acm-dash/Preview Content\"";
				ENABLE_PREVIEWS = YES;
				GENERATE_INFOPLIST_FILE = YES;
				INFOPLIST_KEY_NSHumanReadableCopyright = "";
				LD_RUNPATH_SEARCH_PATHS = (
					"$(inherited)",
					"@executable_path/../Frameworks",
				);
				MARKETING_VERSION = 1.0;
				PRODUCT_BUNDLE_IDENTIFIER = "ryan-roche.acm-dash";
				PRODUCT_NAME = "$(TARGET_NAME)";
				SWIFT_EMIT_LOC_STRINGS = YES;
				SWIFT_VERSION = 5.0;
			};
			name = Debug;
		};
		94A2DB2529085262005223E1 /* Release */ = {
			isa = XCBuildConfiguration;
			buildSettings = {
				ASSETCATALOG_COMPILER_APPICON_NAME = AppIcon;
				ASSETCATALOG_COMPILER_GLOBAL_ACCENT_COLOR_NAME = AccentColor;
				CODE_SIGN_ENTITLEMENTS = "acm-dash/acm_dash.entitlements";
				CODE_SIGN_STYLE = Automatic;
				COMBINE_HIDPI_IMAGES = YES;
				CURRENT_PROJECT_VERSION = 1;
				DEVELOPMENT_ASSET_PATHS = "\"acm-dash/Preview Content\"";
				ENABLE_PREVIEWS = YES;
				GENERATE_INFOPLIST_FILE = YES;
				INFOPLIST_KEY_NSHumanReadableCopyright = "";
				LD_RUNPATH_SEARCH_PATHS = (
					"$(inherited)",
					"@executable_path/../Frameworks",
				);
				MARKETING_VERSION = 1.0;
				PRODUCT_BUNDLE_IDENTIFIER = "ryan-roche.acm-dash";
				PRODUCT_NAME = "$(TARGET_NAME)";
				SWIFT_EMIT_LOC_STRINGS = YES;
				SWIFT_VERSION = 5.0;
			};
			name = Release;
		};
		94A2DB2729085262005223E1 /* Debug */ = {
			isa = XCBuildConfiguration;
			buildSettings = {
				ALWAYS_EMBED_SWIFT_STANDARD_LIBRARIES = YES;
				BUNDLE_LOADER = "$(TEST_HOST)";
				CODE_SIGN_STYLE = Automatic;
				CURRENT_PROJECT_VERSION = 1;
				GENERATE_INFOPLIST_FILE = YES;
				MACOSX_DEPLOYMENT_TARGET = 12.3;
				MARKETING_VERSION = 1.0;
				PRODUCT_BUNDLE_IDENTIFIER = "ryan-roche.acm-dashTests";
				PRODUCT_NAME = "$(TARGET_NAME)";
				SWIFT_EMIT_LOC_STRINGS = NO;
				SWIFT_VERSION = 5.0;
				TEST_HOST = "$(BUILT_PRODUCTS_DIR)/acm-dash.app/$(BUNDLE_EXECUTABLE_FOLDER_PATH)/acm-dash";
			};
			name = Debug;
		};
		94A2DB2829085262005223E1 /* Release */ = {
			isa = XCBuildConfiguration;
			buildSettings = {
				ALWAYS_EMBED_SWIFT_STANDARD_LIBRARIES = YES;
				BUNDLE_LOADER = "$(TEST_HOST)";
				CODE_SIGN_STYLE = Automatic;
				CURRENT_PROJECT_VERSION = 1;
				GENERATE_INFOPLIST_FILE = YES;
				MACOSX_DEPLOYMENT_TARGET = 12.3;
				MARKETING_VERSION = 1.0;
				PRODUCT_BUNDLE_IDENTIFIER = "ryan-roche.acm-dashTests";
				PRODUCT_NAME = "$(TARGET_NAME)";
				SWIFT_EMIT_LOC_STRINGS = NO;
				SWIFT_VERSION = 5.0;
				TEST_HOST = "$(BUILT_PRODUCTS_DIR)/acm-dash.app/$(BUNDLE_EXECUTABLE_FOLDER_PATH)/acm-dash";
			};
			name = Release;
		};
		94A2DB2A29085262005223E1 /* Debug */ = {
			isa = XCBuildConfiguration;
			buildSettings = {
				ALWAYS_EMBED_SWIFT_STANDARD_LIBRARIES = YES;
				CODE_SIGN_STYLE = Automatic;
				CURRENT_PROJECT_VERSION = 1;
				GENERATE_INFOPLIST_FILE = YES;
				MARKETING_VERSION = 1.0;
				PRODUCT_BUNDLE_IDENTIFIER = "ryan-roche.acm-dashUITests";
				PRODUCT_NAME = "$(TARGET_NAME)";
				SWIFT_EMIT_LOC_STRINGS = NO;
				SWIFT_VERSION = 5.0;
				TEST_TARGET_NAME = "acm-dash";
			};
			name = Debug;
		};
		94A2DB2B29085262005223E1 /* Release */ = {
			isa = XCBuildConfiguration;
			buildSettings = {
				ALWAYS_EMBED_SWIFT_STANDARD_LIBRARIES = YES;
				CODE_SIGN_STYLE = Automatic;
				CURRENT_PROJECT_VERSION = 1;
				GENERATE_INFOPLIST_FILE = YES;
				MARKETING_VERSION = 1.0;
				PRODUCT_BUNDLE_IDENTIFIER = "ryan-roche.acm-dashUITests";
				PRODUCT_NAME = "$(TARGET_NAME)";
				SWIFT_EMIT_LOC_STRINGS = NO;
				SWIFT_VERSION = 5.0;
				TEST_TARGET_NAME = "acm-dash";
			};
			name = Release;
		};
/* End XCBuildConfiguration section */

/* Begin XCConfigurationList section */
		94A2DAF929085261005223E1 /* Build configuration list for PBXProject "acm-dash" */ = {
			isa = XCConfigurationList;
			buildConfigurations = (
				94A2DB2129085262005223E1 /* Debug */,
				94A2DB2229085262005223E1 /* Release */,
			);
			defaultConfigurationIsVisible = 0;
			defaultConfigurationName = Release;
		};
		94A2DB2329085262005223E1 /* Build configuration list for PBXNativeTarget "acm-dash" */ = {
			isa = XCConfigurationList;
			buildConfigurations = (
				94A2DB2429085262005223E1 /* Debug */,
				94A2DB2529085262005223E1 /* Release */,
			);
			defaultConfigurationIsVisible = 0;
			defaultConfigurationName = Release;
		};
		94A2DB2629085262005223E1 /* Build configuration list for PBXNativeTarget "acm-dashTests" */ = {
			isa = XCConfigurationList;
			buildConfigurations = (
				94A2DB2729085262005223E1 /* Debug */,
				94A2DB2829085262005223E1 /* Release */,
			);
			defaultConfigurationIsVisible = 0;
			defaultConfigurationName = Release;
		};
		94A2DB2929085262005223E1 /* Build configuration list for PBXNativeTarget "acm-dashUITests" */ = {
			isa = XCConfigurationList;
			buildConfigurations = (
				94A2DB2A29085262005223E1 /* Debug */,
				94A2DB2B29085262005223E1 /* Release */,
			);
			defaultConfigurationIsVisible = 0;
			defaultConfigurationName = Release;
		};
/* End XCConfigurationList section */
	};
	rootObject = 94A2DAF629085261005223E1 /* Project object */;
}
